
Microsoft Visual Studio Solution File, Format Version 12.00
# Visual Studio 15
VisualStudioVersion = 15.0.27703.2047
MinimumVisualStudioVersion = 10.0.40219.1
Project("{9A19103F-16F7-4668-BE54-9A1E7A4F7556}") = "Shane.Receiver", "Shane.Receiver\Shane.Receiver.csproj", "{2C87125D-40FF-460D-AE46-BFB31D4F59F4}"
EndProject
Project("{9A19103F-16F7-4668-BE54-9A1E7A4F7556}") = "Shane.Sender", "Shane.Sender\Shane.Sender.csproj", "{353B0804-4C65-4657-94B6-64D7EE1056C7}"
EndProject
Project("{FAE04EC0-301F-11D3-BF4B-00C04F79EFBC}") = "Shane.Common", "Shane.Common\Shane.Common.csproj", "{34674BD7-E533-42B0-BE33-54BAB2C6155D}"
EndProject
Project("{FAE04EC0-301F-11D3-BF4B-00C04F79EFBC}") = "Shane.Test", "Shane.Test\Shane.Test.csproj", "{46633DB0-0C5D-4F3B-8F32-551A318C0E6A}"
EndProject
Global
	GlobalSection(SolutionConfigurationPlatforms) = preSolution
		Debug|Any CPU = Debug|Any CPU
		Release|Any CPU = Release|Any CPU
	EndGlobalSection
	GlobalSection(ProjectConfigurationPlatforms) = postSolution
		{2C87125D-40FF-460D-AE46-BFB31D4F59F4}.Debug|Any CPU.ActiveCfg = Debug|Any CPU
		{2C87125D-40FF-460D-AE46-BFB31D4F59F4}.Debug|Any CPU.Build.0 = Debug|Any CPU
		{2C87125D-40FF-460D-AE46-BFB31D4F59F4}.Release|Any CPU.ActiveCfg = Release|Any CPU
		{2C87125D-40FF-460D-AE46-BFB31D4F59F4}.Release|Any CPU.Build.0 = Release|Any CPU
		{353B0804-4C65-4657-94B6-64D7EE1056C7}.Debug|Any CPU.ActiveCfg = Debug|Any CPU
		{353B0804-4C65-4657-94B6-64D7EE1056C7}.Debug|Any CPU.Build.0 = Debug|Any CPU
		{353B0804-4C65-4657-94B6-64D7EE1056C7}.Release|Any CPU.ActiveCfg = Release|Any CPU
		{353B0804-4C65-4657-94B6-64D7EE1056C7}.Release|Any CPU.Build.0 = Release|Any CPU
		{34674BD7-E533-42B0-BE33-54BAB2C6155D}.Debug|Any CPU.ActiveCfg = Debug|Any CPU
		{34674BD7-E533-42B0-BE33-54BAB2C6155D}.Debug|Any CPU.Build.0 = Debug|Any CPU
		{34674BD7-E533-42B0-BE33-54BAB2C6155D}.Release|Any CPU.ActiveCfg = Release|Any CPU
		{34674BD7-E533-42B0-BE33-54BAB2C6155D}.Release|Any CPU.Build.0 = Release|Any CPU
		{46633DB0-0C5D-4F3B-8F32-551A318C0E6A}.Debug|Any CPU.ActiveCfg = Debug|Any CPU
		{46633DB0-0C5D-4F3B-8F32-551A318C0E6A}.Debug|Any CPU.Build.0 = Debug|Any CPU
		{46633DB0-0C5D-4F3B-8F32-551A318C0E6A}.Release|Any CPU.ActiveCfg = Release|Any CPU
		{46633DB0-0C5D-4F3B-8F32-551A318C0E6A}.Release|Any CPU.Build.0 = Release|Any CPU
	EndGlobalSection
	GlobalSection(SolutionProperties) = preSolution
		HideSolutionNode = FALSE
	EndGlobalSection
	GlobalSection(ExtensibilityGlobals) = postSolution
		SolutionGuid = {A3190AFA-4C15-4A08-A9FA-09DB922D8099}
	EndGlobalSection
EndGlobal
